
Microsoft Visual Studio Solution File, Format Version 12.00
# Visual Studio 15
VisualStudioVersion = 15.0.26228.9
MinimumVisualStudioVersion = 10.0.40219.1
Project("{2150E333-8FDC-42A3-9474-1A3956D46DE8}") = "src", "src", "{5028A3FF-1CBB-4F55-899E-BAEF15E64A70}"
EndProject
Project("{2150E333-8FDC-42A3-9474-1A3956D46DE8}") = "Solution Items", "Solution Items", "{49A068EB-9B1D-49BE-9A51-52A92CFEEEDF}"
EndProject
Project("{2150E333-8FDC-42A3-9474-1A3956D46DE8}") = "test", "test", "{2B38CF43-DE6F-479C-AD4C-B2F207314F02}"
EndProject
Project("{9A19103F-16F7-4668-BE54-9A1E7A4F7556}") = "Auth", "src\Auth\Auth.csproj", "{7944DDBD-C5D2-4E8F-B48C-CCE0720B464E}"
EndProject
Project("{9A19103F-16F7-4668-BE54-9A1E7A4F7556}") = "Auth.Tests", "test\Auth.Tests\Auth.Tests.csproj", "{B4B36A89-6D0D-4660-8CEB-06A13372367C}"
EndProject
Global
	GlobalSection(SolutionConfigurationPlatforms) = preSolution
		Debug|Any CPU = Debug|Any CPU
		Release|Any CPU = Release|Any CPU
	EndGlobalSection
	GlobalSection(ProjectConfigurationPlatforms) = postSolution
		{7944DDBD-C5D2-4E8F-B48C-CCE0720B464E}.Debug|Any CPU.ActiveCfg = Debug|Any CPU
		{7944DDBD-C5D2-4E8F-B48C-CCE0720B464E}.Debug|Any CPU.Build.0 = Debug|Any CPU
		{7944DDBD-C5D2-4E8F-B48C-CCE0720B464E}.Release|Any CPU.ActiveCfg = Release|Any CPU
		{7944DDBD-C5D2-4E8F-B48C-CCE0720B464E}.Release|Any CPU.Build.0 = Release|Any CPU
		{B4B36A89-6D0D-4660-8CEB-06A13372367C}.Debug|Any CPU.ActiveCfg = Debug|Any CPU
		{B4B36A89-6D0D-4660-8CEB-06A13372367C}.Debug|Any CPU.Build.0 = Debug|Any CPU
		{B4B36A89-6D0D-4660-8CEB-06A13372367C}.Release|Any CPU.ActiveCfg = Release|Any CPU
		{B4B36A89-6D0D-4660-8CEB-06A13372367C}.Release|Any CPU.Build.0 = Release|Any CPU
	EndGlobalSection
	GlobalSection(SolutionProperties) = preSolution
		HideSolutionNode = FALSE
	EndGlobalSection
	GlobalSection(NestedProjects) = preSolution
		{7944DDBD-C5D2-4E8F-B48C-CCE0720B464E} = {5028A3FF-1CBB-4F55-899E-BAEF15E64A70}
		{B4B36A89-6D0D-4660-8CEB-06A13372367C} = {2B38CF43-DE6F-479C-AD4C-B2F207314F02}
	EndGlobalSection
EndGlobal
